version = 1
revision = 3
requires-python = ">=3.12"

[[package]]
name = "colorama"
version = "0.4.6"
source = { registry = "https://pypi.org/simple" }
sdist = { url = "https://files.pythonhosted.org/packages/d8/53/6f443c9a4a8358a93a6792e2acffb9d9d5cb0a5cfd8802644b7b1c9a02e4/colorama-0.4.6.tar.gz", hash = "sha256:08695f5cb7ed6e0531a20572697297273c47b8cae5a63ffc6d6ed5c201be6e44", size = 27697, upload-time = "2022-10-25T02:36:22.414Z" }
wheels = [
    { url = "https://files.pythonhosted.org/packages/d1/d6/3965ed04c63042e047cb6a3e6ed1a63a35087b6a609aa3a15ed8ac56c221/colorama-0.4.6-py2.py3-none-any.whl", hash = "sha256:4f1d9991f5acc0ca119f9d443620b77f9d6b33703e51011c16baf57afb285fc6", size = 25335, upload-time = "2022-10-25T02:36:20.889Z" },
]

[[package]]
name = "grepxl"
version = "0.1.5"
source = { virtual = "." }
dependencies = [
    { name = "pandas" },
    { name = "python-calamine" },
    { name = "rich-tools" },
]

[package.dev-dependencies]
dev = [
    { name = "pytest" },
]

[package.metadata]
requires-dist = [
    { name = "pandas", specifier = ">=2.2.3" },
    { name = "python-calamine", specifier = ">=0.5.3" },
    { name = "rich-tools", specifier = ">=0.5.1" },
]

[package.metadata.requires-dev]
dev = [{ name = "pytest", specifier = ">=8.3.5" }]

[[package]]
name = "iniconfig"
version = "2.1.0"
source = { registry = "https://pypi.org/simple" }
sdist = { url = "https://files.pythonhosted.org/packages/f2/97/ebf4da567aa6827c909642694d71c9fcf53e5b504f2d96afea02718862f3/iniconfig-2.1.0.tar.gz", hash = "sha256:3abbd2e30b36733fee78f9c7f7308f2d0050e88f0087fd25c2645f63c773e1c7", size = 4793, upload-time = "2025-03-19T20:09:59.721Z" }
wheels = [
    { url = "https://files.pythonhosted.org/packages/2c/e1/e6716421ea10d38022b952c159d5161ca1193197fb744506875fbb87ea7b/iniconfig-2.1.0-py3-none-any.whl", hash = "sha256:9deba5723312380e77435581c6bf4935c94cbfab9b1ed33ef8d238ea168eb760", size = 6050, upload-time = "2025-03-19T20:10:01.071Z" },
]

[[package]]
name = "markdown-it-py"
version = "3.0.0"
source = { registry = "https://pypi.org/simple" }
dependencies = [
    { name = "mdurl" },
]
sdist = { url = "https://files.pythonhosted.org/packages/38/71/3b932df36c1a044d397a1f92d1cf91ee0a503d91e470cbd670aa66b07ed0/markdown-it-py-3.0.0.tar.gz", hash = "sha256:e3f60a94fa066dc52ec76661e37c851cb232d92f9886b15cb560aaada2df8feb", size = 74596, upload-time = "2023-06-03T06:41:14.443Z" }
wheels = [
    { url = "https://files.pythonhosted.org/packages/42/d7/1ec15b46af6af88f19b8e5ffea08fa375d433c998b8a7639e76935c14f1f/markdown_it_py-3.0.0-py3-none-any.whl", hash = "sha256:355216845c60bd96232cd8d8c40e8f9765cc86f46880e43a8fd22dc1a1a8cab1", size = 87528, upload-time = "2023-06-03T06:41:11.019Z" },
]

[[package]]
name = "mdurl"
version = "0.1.2"
source = { registry = "https://pypi.org/simple" }
sdist = { url = "https://files.pythonhosted.org/packages/d6/54/cfe61301667036ec958cb99bd3efefba235e65cdeb9c84d24a8293ba1d90/mdurl-0.1.2.tar.gz", hash = "sha256:bb413d29f5eea38f31dd4754dd7377d4465116fb207585f97bf925588687c1ba", size = 8729, upload-time = "2022-08-14T12:40:10.846Z" }
wheels = [
    { url = "https://files.pythonhosted.org/packages/b3/38/89ba8ad64ae25be8de66a6d463314cf1eb366222074cfda9ee839c56a4b4/mdurl-0.1.2-py3-none-any.whl", hash = "sha256:84008a41e51615a49fc9966191ff91509e3c40b939176e643fd50a5c2196b8f8", size = 9979, upload-time = "2022-08-14T12:40:09.779Z" },
]

[[package]]
name = "numpy"
version = "2.2.6"
source = { registry = "https://pypi.org/simple" }
sdist = { url = "https://files.pythonhosted.org/packages/76/21/7d2a95e4bba9dc13d043ee156a356c0a8f0c6309dff6b21b4d71a073b8a8/numpy-2.2.6.tar.gz", hash = "sha256:e29554e2bef54a90aa5cc07da6ce955accb83f21ab5de01a62c8478897b264fd", size = 20276440, upload-time = "2025-05-17T22:38:04.611Z" }
wheels = [
    { url = "https://files.pythonhosted.org/packages/82/5d/c00588b6cf18e1da539b45d3598d3557084990dcc4331960c15ee776ee41/numpy-2.2.6-cp312-cp312-macosx_10_13_x86_64.whl", hash = "sha256:41c5a21f4a04fa86436124d388f6ed60a9343a6f767fced1a8a71c3fbca038ff", size = 20875348, upload-time = "2025-05-17T21:34:39.648Z" },
    { url = "https://files.pythonhosted.org/packages/66/ee/560deadcdde6c2f90200450d5938f63a34b37e27ebff162810f716f6a230/numpy-2.2.6-cp312-cp312-macosx_11_0_arm64.whl", hash = "sha256:de749064336d37e340f640b05f24e9e3dd678c57318c7289d222a8a2f543e90c", size = 14119362, upload-time = "2025-05-17T21:35:01.241Z" },
    { url = "https://files.pythonhosted.org/packages/3c/65/4baa99f1c53b30adf0acd9a5519078871ddde8d2339dc5a7fde80d9d87da/numpy-2.2.6-cp312-cp312-macosx_14_0_arm64.whl", hash = "sha256:894b3a42502226a1cac872f840030665f33326fc3dac8e57c607905773cdcde3", size = 5084103, upload-time = "2025-05-17T21:35:10.622Z" },
    { url = "https://files.pythonhosted.org/packages/cc/89/e5a34c071a0570cc40c9a54eb472d113eea6d002e9ae12bb3a8407fb912e/numpy-2.2.6-cp312-cp312-macosx_14_0_x86_64.whl", hash = "sha256:71594f7c51a18e728451bb50cc60a3ce4e6538822731b2933209a1f3614e9282", size = 6625382, upload-time = "2025-05-17T21:35:21.414Z" },
    { url = "https://files.pythonhosted.org/packages/f8/35/8c80729f1ff76b3921d5c9487c7ac3de9b2a103b1cd05e905b3090513510/numpy-2.2.6-cp312-cp312-manylinux_2_17_aarch64.manylinux2014_aarch64.whl", hash = "sha256:f2618db89be1b4e05f7a1a847a9c1c0abd63e63a1607d892dd54668dd92faf87", size = 14018462, upload-time = "2025-05-17T21:35:42.174Z" },
    { url = "https://files.pythonhosted.org/packages/8c/3d/1e1db36cfd41f895d266b103df00ca5b3cbe965184df824dec5c08c6b803/numpy-2.2.6-cp312-cp312-manylinux_2_17_x86_64.manylinux2014_x86_64.whl", hash = "sha256:fd83c01228a688733f1ded5201c678f0c53ecc1006ffbc404db9f7a899ac6249", size = 16527618, upload-time = "2025-05-17T21:36:06.711Z" },
    { url = "https://files.pythonhosted.org/packages/61/c6/03ed30992602c85aa3cd95b9070a514f8b3c33e31124694438d88809ae36/numpy-2.2.6-cp312-cp312-musllinux_1_2_aarch64.whl", hash = "sha256:37c0ca431f82cd5fa716eca9506aefcabc247fb27ba69c5062a6d3ade8cf8f49", size = 15505511, upload-time = "2025-05-17T21:36:29.965Z" },
    { url = "https://files.pythonhosted.org/packages/b7/25/5761d832a81df431e260719ec45de696414266613c9ee268394dd5ad8236/numpy-2.2.6-cp312-cp312-musllinux_1_2_x86_64.whl", hash = "sha256:fe27749d33bb772c80dcd84ae7e8df2adc920ae8297400dabec45f0dedb3f6de", size = 18313783, upload-time = "2025-05-17T21:36:56.883Z" },
    { url = "https://files.pythonhosted.org/packages/57/0a/72d5a3527c5ebffcd47bde9162c39fae1f90138c961e5296491ce778e682/numpy-2.2.6-cp312-cp312-win32.whl", hash = "sha256:4eeaae00d789f66c7a25ac5f34b71a7035bb474e679f410e5e1a94deb24cf2d4", size = 6246506, upload-time = "2025-05-17T21:37:07.368Z" },
    { url = "https://files.pythonhosted.org/packages/36/fa/8c9210162ca1b88529ab76b41ba02d433fd54fecaf6feb70ef9f124683f1/numpy-2.2.6-cp312-cp312-win_amd64.whl", hash = "sha256:c1f9540be57940698ed329904db803cf7a402f3fc200bfe599334c9bd84a40b2", size = 12614190, upload-time = "2025-05-17T21:37:26.213Z" },
    { url = "https://files.pythonhosted.org/packages/f9/5c/6657823f4f594f72b5471f1db1ab12e26e890bb2e41897522d134d2a3e81/numpy-2.2.6-cp313-cp313-macosx_10_13_x86_64.whl", hash = "sha256:0811bb762109d9708cca4d0b13c4f67146e3c3b7cf8d34018c722adb2d957c84", size = 20867828, upload-time = "2025-05-17T21:37:56.699Z" },
    { url = "https://files.pythonhosted.org/packages/dc/9e/14520dc3dadf3c803473bd07e9b2bd1b69bc583cb2497b47000fed2fa92f/numpy-2.2.6-cp313-cp313-macosx_11_0_arm64.whl", hash = "sha256:287cc3162b6f01463ccd86be154f284d0893d2b3ed7292439ea97eafa8170e0b", size = 14143006, upload-time = "2025-05-17T21:38:18.291Z" },
    { url = "https://files.pythonhosted.org/packages/4f/06/7e96c57d90bebdce9918412087fc22ca9851cceaf5567a45c1f404480e9e/numpy-2.2.6-cp313-cp313-macosx_14_0_arm64.whl", hash = "sha256:f1372f041402e37e5e633e586f62aa53de2eac8d98cbfb822806ce4bbefcb74d", size = 5076765, upload-time = "2025-05-17T21:38:27.319Z" },
    { url = "https://files.pythonhosted.org/packages/73/ed/63d920c23b4289fdac96ddbdd6132e9427790977d5457cd132f18e76eae0/numpy-2.2.6-cp313-cp313-macosx_14_0_x86_64.whl", hash = "sha256:55a4d33fa519660d69614a9fad433be87e5252f4b03850642f88993f7b2ca566", size = 6617736, upload-time = "2025-05-17T21:38:38.141Z" },
    { url = "https://files.pythonhosted.org/packages/85/c5/e19c8f99d83fd377ec8c7e0cf627a8049746da54afc24ef0a0cb73d5dfb5/numpy-2.2.6-cp313-cp313-manylinux_2_17_aarch64.manylinux2014_aarch64.whl", hash = "sha256:f92729c95468a2f4f15e9bb94c432a9229d0d50de67304399627a943201baa2f", size = 14010719, upload-time = "2025-05-17T21:38:58.433Z" },
    { url = "https://files.pythonhosted.org/packages/19/49/4df9123aafa7b539317bf6d342cb6d227e49f7a35b99c287a6109b13dd93/numpy-2.2.6-cp313-cp313-manylinux_2_17_x86_64.manylinux2014_x86_64.whl", hash = "sha256:1bc23a79bfabc5d056d106f9befb8d50c31ced2fbc70eedb8155aec74a45798f", size = 16526072, upload-time = "2025-05-17T21:39:22.638Z" },
    { url = "https://files.pythonhosted.org/packages/b2/6c/04b5f47f4f32f7c2b0e7260442a8cbcf8168b0e1a41ff1495da42f42a14f/numpy-2.2.6-cp313-cp313-musllinux_1_2_aarch64.whl", hash = "sha256:e3143e4451880bed956e706a3220b4e5cf6172ef05fcc397f6f36a550b1dd868", size = 15503213, upload-time = "2025-05-17T21:39:45.865Z" },
    { url = "https://files.pythonhosted.org/packages/17/0a/5cd92e352c1307640d5b6fec1b2ffb06cd0dabe7d7b8227f97933d378422/numpy-2.2.6-cp313-cp313-musllinux_1_2_x86_64.whl", hash = "sha256:b4f13750ce79751586ae2eb824ba7e1e8dba64784086c98cdbbcc6a42112ce0d", size = 18316632, upload-time = "2025-05-17T21:40:13.331Z" },
    { url = "https://files.pythonhosted.org/packages/f0/3b/5cba2b1d88760ef86596ad0f3d484b1cbff7c115ae2429678465057c5155/numpy-2.2.6-cp313-cp313-win32.whl", hash = "sha256:5beb72339d9d4fa36522fc63802f469b13cdbe4fdab4a288f0c441b74272ebfd", size = 6244532, upload-time = "2025-05-17T21:43:46.099Z" },
    { url = "https://files.pythonhosted.org/packages/cb/3b/d58c12eafcb298d4e6d0d40216866ab15f59e55d148a5658bb3132311fcf/numpy-2.2.6-cp313-cp313-win_amd64.whl", hash = "sha256:b0544343a702fa80c95ad5d3d608ea3599dd54d4632df855e4c8d24eb6ecfa1c", size = 12610885, upload-time = "2025-05-17T21:44:05.145Z" },
    { url = "https://files.pythonhosted.org/packages/6b/9e/4bf918b818e516322db999ac25d00c75788ddfd2d2ade4fa66f1f38097e1/numpy-2.2.6-cp313-cp313t-macosx_10_13_x86_64.whl", hash = "sha256:0bca768cd85ae743b2affdc762d617eddf3bcf8724435498a1e80132d04879e6", size = 20963467, upload-time = "2025-05-17T21:40:44Z" },
    { url = "https://files.pythonhosted.org/packages/61/66/d2de6b291507517ff2e438e13ff7b1e2cdbdb7cb40b3ed475377aece69f9/numpy-2.2.6-cp313-cp313t-macosx_11_0_arm64.whl", hash = "sha256:fc0c5673685c508a142ca65209b4e79ed6740a4ed6b2267dbba90f34b0b3cfda", size = 14225144, upload-time = "2025-05-17T21:41:05.695Z" },
    { url = "https://files.pythonhosted.org/packages/e4/25/480387655407ead912e28ba3a820bc69af9adf13bcbe40b299d454ec011f/numpy-2.2.6-cp313-cp313t-macosx_14_0_arm64.whl", hash = "sha256:5bd4fc3ac8926b3819797a7c0e2631eb889b4118a9898c84f585a54d475b7e40", size = 5200217, upload-time = "2025-05-17T21:41:15.903Z" },
    { url = "https://files.pythonhosted.org/packages/aa/4a/6e313b5108f53dcbf3aca0c0f3e9c92f4c10ce57a0a721851f9785872895/numpy-2.2.6-cp313-cp313t-macosx_14_0_x86_64.whl", hash = "sha256:fee4236c876c4e8369388054d02d0e9bb84821feb1a64dd59e137e6511a551f8", size = 6712014, upload-time = "2025-05-17T21:41:27.321Z" },
    { url = "https://files.pythonhosted.org/packages/b7/30/172c2d5c4be71fdf476e9de553443cf8e25feddbe185e0bd88b096915bcc/numpy-2.2.6-cp313-cp313t-manylinux_2_17_aarch64.manylinux2014_aarch64.whl", hash = "sha256:e1dda9c7e08dc141e0247a5b8f49cf05984955246a327d4c48bda16821947b2f", size = 14077935, upload-time = "2025-05-17T21:41:49.738Z" },
    { url = "https://files.pythonhosted.org/packages/12/fb/9e743f8d4e4d3c710902cf87af3512082ae3d43b945d5d16563f26ec251d/numpy-2.2.6-cp313-cp313t-manylinux_2_17_x86_64.manylinux2014_x86_64.whl", hash = "sha256:f447e6acb680fd307f40d3da4852208af94afdfab89cf850986c3ca00562f4fa", size = 16600122, upload-time = "2025-05-17T21:42:14.046Z" },
    { url = "https://files.pythonhosted.org/packages/12/75/ee20da0e58d3a66f204f38916757e01e33a9737d0b22373b3eb5a27358f9/numpy-2.2.6-cp313-cp313t-musllinux_1_2_aarch64.whl", hash = "sha256:389d771b1623ec92636b0786bc4ae56abafad4a4c513d36a55dce14bd9ce8571", size = 15586143, upload-time = "2025-05-17T21:42:37.464Z" },
    { url = "https://files.pythonhosted.org/packages/76/95/bef5b37f29fc5e739947e9ce5179ad402875633308504a52d188302319c8/numpy-2.2.6-cp313-cp313t-musllinux_1_2_x86_64.whl", hash = "sha256:8e9ace4a37db23421249ed236fdcdd457d671e25146786dfc96835cd951aa7c1", size = 18385260, upload-time = "2025-05-17T21:43:05.189Z" },
    { url = "https://files.pythonhosted.org/packages/09/04/f2f83279d287407cf36a7a8053a5abe7be3622a4363337338f2585e4afda/numpy-2.2.6-cp313-cp313t-win32.whl", hash = "sha256:038613e9fb8c72b0a41f025a7e4c3f0b7a1b5d768ece4796b674c8f3fe13efff", size = 6377225, upload-time = "2025-05-17T21:43:16.254Z" },
    { url = "https://files.pythonhosted.org/packages/67/0e/35082d13c09c02c011cf21570543d202ad929d961c02a147493cb0c2bdf5/numpy-2.2.6-cp313-cp313t-win_amd64.whl", hash = "sha256:6031dd6dfecc0cf9f668681a37648373bddd6421fff6c66ec1624eed0180ee06", size = 12771374, upload-time = "2025-05-17T21:43:35.479Z" },
]

[[package]]
name = "packaging"
version = "25.0"
source = { registry = "https://pypi.org/simple" }
sdist = { url = "https://files.pythonhosted.org/packages/a1/d4/1fc4078c65507b51b96ca8f8c3ba19e6a61c8253c72794544580a7b6c24d/packaging-25.0.tar.gz", hash = "sha256:d443872c98d677bf60f6a1f2f8c1cb748e8fe762d2bf9d3148b5599295b0fc4f", size = 165727, upload-time = "2025-04-19T11:48:59.673Z" }
wheels = [
    { url = "https://files.pythonhosted.org/packages/20/12/38679034af332785aac8774540895e234f4d07f7545804097de4b666afd8/packaging-25.0-py3-none-any.whl", hash = "sha256:29572ef2b1f17581046b3a2227d5c611fb25ec70ca1ba8554b24b0e69331a484", size = 66469, upload-time = "2025-04-19T11:48:57.875Z" },
]

[[package]]
name = "pandas"
version = "2.2.3"
source = { registry = "https://pypi.org/simple" }
dependencies = [
    { name = "numpy" },
    { name = "python-dateutil" },
    { name = "pytz" },
    { name = "tzdata" },
]
sdist = { url = "https://files.pythonhosted.org/packages/9c/d6/9f8431bacc2e19dca897724cd097b1bb224a6ad5433784a44b587c7c13af/pandas-2.2.3.tar.gz", hash = "sha256:4f18ba62b61d7e192368b84517265a99b4d7ee8912f8708660fb4a366cc82667", size = 4399213, upload-time = "2024-09-20T13:10:04.827Z" }
wheels = [
    { url = "https://files.pythonhosted.org/packages/17/a3/fb2734118db0af37ea7433f57f722c0a56687e14b14690edff0cdb4b7e58/pandas-2.2.3-cp312-cp312-macosx_10_9_x86_64.whl", hash = "sha256:b1d432e8d08679a40e2a6d8b2f9770a5c21793a6f9f47fdd52c5ce1948a5a8a9", size = 12529893, upload-time = "2024-09-20T13:09:09.655Z" },
    { url = "https://files.pythonhosted.org/packages/e1/0c/ad295fd74bfac85358fd579e271cded3ac969de81f62dd0142c426b9da91/pandas-2.2.3-cp312-cp312-macosx_11_0_arm64.whl", hash = "sha256:a5a1595fe639f5988ba6a8e5bc9649af3baf26df3998a0abe56c02609392e0a4", size = 11363475, upload-time = "2024-09-20T13:09:14.718Z" },
    { url = "https://files.pythonhosted.org/packages/c6/2a/4bba3f03f7d07207481fed47f5b35f556c7441acddc368ec43d6643c5777/pandas-2.2.3-cp312-cp312-manylinux2014_aarch64.manylinux_2_17_aarch64.whl", hash = "sha256:5de54125a92bb4d1c051c0659e6fcb75256bf799a732a87184e5ea503965bce3", size = 15188645, upload-time = "2024-09-20T19:02:03.88Z" },
    { url = "https://files.pythonhosted.org/packages/38/f8/d8fddee9ed0d0c0f4a2132c1dfcf0e3e53265055da8df952a53e7eaf178c/pandas-2.2.3-cp312-cp312-manylinux_2_17_x86_64.manylinux2014_x86_64.whl", hash = "sha256:fffb8ae78d8af97f849404f21411c95062db1496aeb3e56f146f0355c9989319", size = 12739445, upload-time = "2024-09-20T13:09:17.621Z" },
    { url = "https://files.pythonhosted.org/packages/20/e8/45a05d9c39d2cea61ab175dbe6a2de1d05b679e8de2011da4ee190d7e748/pandas-2.2.3-cp312-cp312-musllinux_1_2_aarch64.whl", hash = "sha256:6dfcb5ee8d4d50c06a51c2fffa6cff6272098ad6540aed1a76d15fb9318194d8", size = 16359235, upload-time = "2024-09-20T19:02:07.094Z" },
    { url = "https://files.pythonhosted.org/packages/1d/99/617d07a6a5e429ff90c90da64d428516605a1ec7d7bea494235e1c3882de/pandas-2.2.3-cp312-cp312-musllinux_1_2_x86_64.whl", hash = "sha256:062309c1b9ea12a50e8ce661145c6aab431b1e99530d3cd60640e255778bd43a", size = 14056756, upload-time = "2024-09-20T13:09:20.474Z" },
    { url = "https://files.pythonhosted.org/packages/29/d4/1244ab8edf173a10fd601f7e13b9566c1b525c4f365d6bee918e68381889/pandas-2.2.3-cp312-cp312-win_amd64.whl", hash = "sha256:59ef3764d0fe818125a5097d2ae867ca3fa64df032331b7e0917cf5d7bf66b13", size = 11504248, upload-time = "2024-09-20T13:09:23.137Z" },
    { url = "https://files.pythonhosted.org/packages/64/22/3b8f4e0ed70644e85cfdcd57454686b9057c6c38d2f74fe4b8bc2527214a/pandas-2.2.3-cp313-cp313-macosx_10_13_x86_64.whl", hash = "sha256:f00d1345d84d8c86a63e476bb4955e46458b304b9575dcf71102b5c705320015", size = 12477643, upload-time = "2024-09-20T13:09:25.522Z" },
    { url = "https://files.pythonhosted.org/packages/e4/93/b3f5d1838500e22c8d793625da672f3eec046b1a99257666c94446969282/pandas-2.2.3-cp313-cp313-macosx_11_0_arm64.whl", hash = "sha256:3508d914817e153ad359d7e069d752cdd736a247c322d932eb89e6bc84217f28", size = 11281573, upload-time = "2024-09-20T13:09:28.012Z" },
    { url = "https://files.pythonhosted.org/packages/f5/94/6c79b07f0e5aab1dcfa35a75f4817f5c4f677931d4234afcd75f0e6a66ca/pandas-2.2.3-cp313-cp313-manylinux2014_aarch64.manylinux_2_17_aarch64.whl", hash = "sha256:22a9d949bfc9a502d320aa04e5d02feab689d61da4e7764b62c30b991c42c5f0", size = 15196085, upload-time = "2024-09-20T19:02:10.451Z" },
    { url = "https://files.pythonhosted.org/packages/e8/31/aa8da88ca0eadbabd0a639788a6da13bb2ff6edbbb9f29aa786450a30a91/pandas-2.2.3-cp313-cp313-manylinux_2_17_x86_64.manylinux2014_x86_64.whl", hash = "sha256:f3a255b2c19987fbbe62a9dfd6cff7ff2aa9ccab3fc75218fd4b7530f01efa24", size = 12711809, upload-time = "2024-09-20T13:09:30.814Z" },
    { url = "https://files.pythonhosted.org/packages/ee/7c/c6dbdb0cb2a4344cacfb8de1c5808ca885b2e4dcfde8008266608f9372af/pandas-2.2.3-cp313-cp313-musllinux_1_2_aarch64.whl", hash = "sha256:800250ecdadb6d9c78eae4990da62743b857b470883fa27f652db8bdde7f6659", size = 16356316, upload-time = "2024-09-20T19:02:13.825Z" },
    { url = "https://files.pythonhosted.org/packages/57/b7/8b757e7d92023b832869fa8881a992696a0bfe2e26f72c9ae9f255988d42/pandas-2.2.3-cp313-cp313-musllinux_1_2_x86_64.whl", hash = "sha256:6374c452ff3ec675a8f46fd9ab25c4ad0ba590b71cf0656f8b6daa5202bca3fb", size = 14022055, upload-time = "2024-09-20T13:09:33.462Z" },
    { url = "https://files.pythonhosted.org/packages/3b/bc/4b18e2b8c002572c5a441a64826252ce5da2aa738855747247a971988043/pandas-2.2.3-cp313-cp313-win_amd64.whl", hash = "sha256:61c5ad4043f791b61dd4752191d9f07f0ae412515d59ba8f005832a532f8736d", size = 11481175, upload-time = "2024-09-20T13:09:35.871Z" },
    { url = "https://files.pythonhosted.org/packages/76/a3/a5d88146815e972d40d19247b2c162e88213ef51c7c25993942c39dbf41d/pandas-2.2.3-cp313-cp313t-macosx_10_13_x86_64.whl", hash = "sha256:3b71f27954685ee685317063bf13c7709a7ba74fc996b84fc6821c59b0f06468", size = 12615650, upload-time = "2024-09-20T13:09:38.685Z" },
    { url = "https://files.pythonhosted.org/packages/9c/8c/f0fd18f6140ddafc0c24122c8a964e48294acc579d47def376fef12bcb4a/pandas-2.2.3-cp313-cp313t-macosx_11_0_arm64.whl", hash = "sha256:38cf8125c40dae9d5acc10fa66af8ea6fdf760b2714ee482ca691fc66e6fcb18", size = 11290177, upload-time = "2024-09-20T13:09:41.141Z" },
    { url = "https://files.pythonhosted.org/packages/ed/f9/e995754eab9c0f14c6777401f7eece0943840b7a9fc932221c19d1abee9f/pandas-2.2.3-cp313-cp313t-manylinux2014_aarch64.manylinux_2_17_aarch64.whl", hash = "sha256:ba96630bc17c875161df3818780af30e43be9b166ce51c9a18c1feae342906c2", size = 14651526, upload-time = "2024-09-20T19:02:16.905Z" },
    { url = "https://files.pythonhosted.org/packages/25/b0/98d6ae2e1abac4f35230aa756005e8654649d305df9a28b16b9ae4353bff/pandas-2.2.3-cp313-cp313t-manylinux_2_17_x86_64.manylinux2014_x86_64.whl", hash = "sha256:1db71525a1538b30142094edb9adc10be3f3e176748cd7acc2240c2f2e5aa3a4", size = 11871013, upload-time = "2024-09-20T13:09:44.39Z" },
    { url = "https://files.pythonhosted.org/packages/cc/57/0f72a10f9db6a4628744c8e8f0df4e6e21de01212c7c981d31e50ffc8328/pandas-2.2.3-cp313-cp313t-musllinux_1_2_aarch64.whl", hash = "sha256:15c0e1e02e93116177d29ff83e8b1619c93ddc9c49083f237d4312337a61165d", size = 15711620, upload-time = "2024-09-20T19:02:20.639Z" },
    { url = "https://files.pythonhosted.org/packages/ab/5f/b38085618b950b79d2d9164a711c52b10aefc0ae6833b96f626b7021b2ed/pandas-2.2.3-cp313-cp313t-musllinux_1_2_x86_64.whl", hash = "sha256:ad5b65698ab28ed8d7f18790a0dc58005c7629f227be9ecc1072aa74c0c1d43a", size = 13098436, upload-time = "2024-09-20T13:09:48.112Z" },
]

[[package]]
name = "pluggy"
version = "1.6.0"
source = { registry = "https://pypi.org/simple" }
sdist = { url = "https://files.pythonhosted.org/packages/f9/e2/3e91f31a7d2b083fe6ef3fa267035b518369d9511ffab804f839851d2779/pluggy-1.6.0.tar.gz", hash = "sha256:7dcc130b76258d33b90f61b658791dede3486c3e6bfb003ee5c9bfb396dd22f3", size = 69412, upload-time = "2025-05-15T12:30:07.975Z" }
wheels = [
    { url = "https://files.pythonhosted.org/packages/54/20/4d324d65cc6d9205fabedc306948156824eb9f0ee1633355a8f7ec5c66bf/pluggy-1.6.0-py3-none-any.whl", hash = "sha256:e920276dd6813095e9377c0bc5566d94c932c33b27a3e3945d8389c374dd4746", size = 20538, upload-time = "2025-05-15T12:30:06.134Z" },
]

[[package]]
name = "pygments"
version = "2.19.1"
source = { registry = "https://pypi.org/simple" }
sdist = { url = "https://files.pythonhosted.org/packages/7c/2d/c3338d48ea6cc0feb8446d8e6937e1408088a72a39937982cc6111d17f84/pygments-2.19.1.tar.gz", hash = "sha256:61c16d2a8576dc0649d9f39e089b5f02bcd27fba10d8fb4dcc28173f7a45151f", size = 4968581, upload-time = "2025-01-06T17:26:30.443Z" }
wheels = [
    { url = "https://files.pythonhosted.org/packages/8a/0b/9fcc47d19c48b59121088dd6da2488a49d5f72dacf8262e2790a1d2c7d15/pygments-2.19.1-py3-none-any.whl", hash = "sha256:9ea1544ad55cecf4b8242fab6dd35a93bbce657034b0611ee383099054ab6d8c", size = 1225293, upload-time = "2025-01-06T17:26:25.553Z" },
]

[[package]]
name = "pytest"
version = "8.3.5"
source = { registry = "https://pypi.org/simple" }
dependencies = [
    { name = "colorama", marker = "sys_platform == 'win32'" },
    { name = "iniconfig" },
    { name = "packaging" },
    { name = "pluggy" },
]
sdist = { url = "https://files.pythonhosted.org/packages/ae/3c/c9d525a414d506893f0cd8a8d0de7706446213181570cdbd766691164e40/pytest-8.3.5.tar.gz", hash = "sha256:f4efe70cc14e511565ac476b57c279e12a855b11f48f212af1080ef2263d3845", size = 1450891, upload-time = "2025-03-02T12:54:54.503Z" }
wheels = [
    { url = "https://files.pythonhosted.org/packages/30/3d/64ad57c803f1fa1e963a7946b6e0fea4a70df53c1a7fed304586539c2bac/pytest-8.3.5-py3-none-any.whl", hash = "sha256:c69214aa47deac29fad6c2a4f590b9c4a9fdb16a403176fe154b79c0b4d4d820", size = 343634, upload-time = "2025-03-02T12:54:52.069Z" },
]

[[package]]
name = "python-calamine"
version = "0.5.3"
source = { registry = "https://pypi.org/simple" }
sdist = { url = "https://files.pythonhosted.org/packages/f3/ca/295b37a97275d53f072c7307c9d0c4bfec565d3d74157e7fe336ea18de0a/python_calamine-0.5.3.tar.gz", hash = "sha256:b4529c955fa64444184630d5bc8c82c472d1cf6bfe631f0a7bfc5e4802d4e996", size = 130874, upload-time = "2025-09-08T05:41:27.18Z" }
wheels = [
    { url = "https://files.pythonhosted.org/packages/05/24/f6e3369be221baa6a50476b8a02f5100980ae487a630d80d4983b4c73879/python_calamine-0.5.3-cp312-cp312-macosx_10_12_x86_64.whl", hash = "sha256:b9a78e471bc02d3f76c294bf996562a9d0fbf2ad0a49d628330ba247865190f1", size = 844280, upload-time = "2025-09-08T05:39:19.991Z" },
    { url = "https://files.pythonhosted.org/packages/e7/32/f9b689fe40616376457d1a6fd5ab84834066db31fa5ffd10a5b02f996a44/python_calamine-0.5.3-cp312-cp312-macosx_11_0_arm64.whl", hash = "sha256:bcbd277a4d0a0108aa2f5126a89ca3f2bb18d0bec7ba7d614da02a4556d18ef2", size = 814054, upload-time = "2025-09-08T05:39:21.888Z" },
    { url = "https://files.pythonhosted.org/packages/f7/26/a07bb6993ae0a524251060397edc710af413dbb175d56f1e1bbc7a2c39c9/python_calamine-0.5.3-cp312-cp312-manylinux_2_17_aarch64.manylinux2014_aarch64.whl", hash = "sha256:04e6b68b26346f559a086bb84c960d4e9ddc79be8c3499752c1ba96051fea98f", size = 889447, upload-time = "2025-09-08T05:39:23.332Z" },
    { url = "https://files.pythonhosted.org/packages/d8/79/5902d00658e2dd4efe3a4062b710a7eaa6082001c199717468fbcd8cef69/python_calamine-0.5.3-cp312-cp312-manylinux_2_17_armv7l.manylinux2014_armv7l.whl", hash = "sha256:e60ebeafebf66889753bfad0055edaa38068663961bb9a18e9f89aef2c9cec50", size = 883540, upload-time = "2025-09-08T05:39:25.15Z" },
    { url = "https://files.pythonhosted.org/packages/d0/85/6299c909fcbba0663b527b82c87d204372e6f469b4ed5602f7bc1f7f1103/python_calamine-0.5.3-cp312-cp312-manylinux_2_17_ppc64le.manylinux2014_ppc64le.whl", hash = "sha256:2d9da11edb40e9d2fb214fcf575be8004b44b1b407930eceb2458f1a84be634f", size = 1034891, upload-time = "2025-09-08T05:39:26.666Z" },
    { url = "https://files.pythonhosted.org/packages/65/2c/d0cfd9161b3404528bfba9fe000093be19f2c83ede42c255da4ebfd4da17/python_calamine-0.5.3-cp312-cp312-manylinux_2_17_s390x.manylinux2014_s390x.whl", hash = "sha256:44d22bc52fe26b72a6dc07ab8a167d5d97aeb28282957f52b930e92106a35e3c", size = 935055, upload-time = "2025-09-08T05:39:28.727Z" },
    { url = "https://files.pythonhosted.org/packages/b8/69/420c382535d1aca9af6bc929c78ad6b9f8416312aa4955b7977f5f864082/python_calamine-0.5.3-cp312-cp312-manylinux_2_17_x86_64.manylinux2014_x86_64.whl", hash = "sha256:7b9ace667e04ea6631a0ada0e43dbc796c56e0d021f04bd64cdacb44de4504da", size = 904143, upload-time = "2025-09-08T05:39:30.23Z" },
    { url = "https://files.pythonhosted.org/packages/d8/2b/19cc87654f9c85fbb6265a7ebe92cf0f649c308f0cf8f262b5c3de754d19/python_calamine-0.5.3-cp312-cp312-manylinux_2_5_i686.manylinux1_i686.whl", hash = "sha256:7ec0da29de7366258de2eb765a90b9e9fbe9f9865772f3609dacff302b894393", size = 948890, upload-time = "2025-09-08T05:39:31.779Z" },
    { url = "https://files.pythonhosted.org/packages/18/e8/3547cb72d3a0f67c173ca07d9137046f2a6c87fdc31316b10e2d7d851f2a/python_calamine-0.5.3-cp312-cp312-musllinux_1_1_aarch64.whl", hash = "sha256:4bba5adf123200503e6c07c667a8ce82c3b62ba02f9b3e99205be24fc73abc49", size = 1067802, upload-time = "2025-09-08T05:39:33.264Z" },
    { url = "https://files.pythonhosted.org/packages/cb/69/31ab3e8010cbed814b5fcdb2ace43e5b76d6464f8abb1dfab9191416ca3d/python_calamine-0.5.3-cp312-cp312-musllinux_1_1_x86_64.whl", hash = "sha256:f4c49bc58f3cfd1e9595a05cab7e71aa94f6cff5bf3916de2b87cdaa9b4ce9a3", size = 1074607, upload-time = "2025-09-08T05:39:34.803Z" },
    { url = "https://files.pythonhosted.org/packages/c4/40/112d113d974bee5fff564e355b01df5bd524dbd5820c913c9dae574fe80a/python_calamine-0.5.3-cp312-cp312-win32.whl", hash = "sha256:42315463e139f5e44f4dedb9444fa0971c51e82573e872428050914f0dec4194", size = 669578, upload-time = "2025-09-08T05:39:36.305Z" },
    { url = "https://files.pythonhosted.org/packages/3e/87/0af1cf4ad01a2df273cfd3abb7efaba4fba50395b98f5e871cee016d4f09/python_calamine-0.5.3-cp312-cp312-win_amd64.whl", hash = "sha256:8a24bd4c72bd984311f5ebf2e17a8aa3ce4e5ae87eda517c61c3507db8c045de", size = 713021, upload-time = "2025-09-08T05:39:37.942Z" },
    { url = "https://files.pythonhosted.org/packages/5d/4e/6ed2ed3bb4c4c479e85d3444742f101f7b3099db1819e422bf861cf9923b/python_calamine-0.5.3-cp312-cp312-win_arm64.whl", hash = "sha256:e4a713e56d3cca752d1a7d6a00dca81b224e2e1a0567d370bc0db537e042d6b0", size = 679615, upload-time = "2025-09-08T05:39:39.487Z" },
    { url = "https://files.pythonhosted.org/packages/33/e7/14f2bec7b4bead0e71e78fa2549e22192c498a3204d931bd0e6522ec955d/python_calamine-0.5.3-cp313-cp313-macosx_10_12_x86_64.whl", hash = "sha256:90389cc459500644bbc1a1170b5e50a95160f34cedc8de7fe9a4bd1c08764039", size = 843906, upload-time = "2025-09-08T05:39:40.972Z" },
    { url = "https://files.pythonhosted.org/packages/c2/6c/8c6e7a8c9b421e99ad1a637c3b96d94fef25abad6bf790a7ce35bfc5a48d/python_calamine-0.5.3-cp313-cp313-macosx_11_0_arm64.whl", hash = "sha256:221b64c0e126a1263a14d575c61a60177cad852829dca61dfb4f5a8fb9603251", size = 813859, upload-time = "2025-09-08T05:39:42.853Z" },
    { url = "https://files.pythonhosted.org/packages/c4/ee/f6745016a431f10620b4e803f306d95c57e828dea064e32fb944c0260559/python_calamine-0.5.3-cp313-cp313-manylinux_2_17_aarch64.manylinux2014_aarch64.whl", hash = "sha256:49f3aa50d532c6639be851a644875d5c9cd63892cf545ee614a5c0593dc50c3b", size = 889212, upload-time = "2025-09-08T05:39:44.356Z" },
    { url = "https://files.pythonhosted.org/packages/b9/72/8de0af1823d587b2683eb25c6feef14c7ea917cfb975d094ad09f46245d0/python_calamine-0.5.3-cp313-cp313-manylinux_2_17_armv7l.manylinux2014_armv7l.whl", hash = "sha256:7d8bf3b3542c771795cfcfa8a77d1373273311735517cca599aa7f89c34f38ae", size = 883584, upload-time = "2025-09-08T05:39:45.97Z" },
    { url = "https://files.pythonhosted.org/packages/5a/90/47b91cf573b6bd4e6dbaeef4f993caf26dc0d2b8117261bc965bd70b38ce/python_calamine-0.5.3-cp313-cp313-manylinux_2_17_ppc64le.manylinux2014_ppc64le.whl", hash = "sha256:5d8e452fc1335ab1f7738c3d4d5144f11719b9c5585f3cb5102d47293355067a", size = 1034378, upload-time = "2025-09-08T05:39:47.57Z" },
    { url = "https://files.pythonhosted.org/packages/48/f7/c75e5f0b0918f0f60b45fad4c313d159633615aa1c96a5170e3fe940862d/python_calamine-0.5.3-cp313-cp313-manylinux_2_17_s390x.manylinux2014_s390x.whl", hash = "sha256:f4fc75ac97be47539465191a00de305c0e150465da8632c14fc1107a0b304f97", size = 934310, upload-time = "2025-09-08T05:39:49.059Z" },
    { url = "https://files.pythonhosted.org/packages/cd/04/8b5806bdbfabdb51fd2816deac6870d031560f0bbd90d9729ac86b903579/python_calamine-0.5.3-cp313-cp313-manylinux_2_17_x86_64.manylinux2014_x86_64.whl", hash = "sha256:e1258368551e0b235d5b46c105137294cbb5ca683b2c13f5851f3ebec7f2d42b", size = 903602, upload-time = "2025-09-08T05:39:50.91Z" },
    { url = "https://files.pythonhosted.org/packages/75/4e/ec27837d5023b8db775db7798b3340eeb6bcb7f61ad64e892d4e1b14853e/python_calamine-0.5.3-cp313-cp313-manylinux_2_5_i686.manylinux1_i686.whl", hash = "sha256:3a7c51270e5ea518cb02cb531d84a2eb2de68da3cf48b26adae622f031dc5284", size = 948410, upload-time = "2025-09-08T05:39:53.286Z" },
    { url = "https://files.pythonhosted.org/packages/3d/ba/8b5193637bfa0f363284974ae998f96fa1c8561a0a4d90378b0f202ac317/python_calamine-0.5.3-cp313-cp313-musllinux_1_1_aarch64.whl", hash = "sha256:e1d0df3d69b32da05e3e7648bb5802559d44979be721983f0d669b4128f920fa", size = 1067274, upload-time = "2025-09-08T05:39:55.469Z" },
    { url = "https://files.pythonhosted.org/packages/da/1c/506791e4c7078f2fed1ee2d69703d62c0acfd5b671db157bb755f47cff42/python_calamine-0.5.3-cp313-cp313-musllinux_1_1_x86_64.whl", hash = "sha256:6d674ae194744b6080f20a0b5a253a9976d632ee91dc00e13e539e968167cd35", size = 1073351, upload-time = "2025-09-08T05:39:57.685Z" },
    { url = "https://files.pythonhosted.org/packages/dc/83/e30e21484b1ed55668f67a63578d8a6ba70597a4d7ee8da23d759d3e1b3f/python_calamine-0.5.3-cp313-cp313-win32.whl", hash = "sha256:7a42ff0dae44457a4a3e65ea49357ffdf92e44f8b022ef1fb32c6498097d6d57", size = 669416, upload-time = "2025-09-08T05:39:59.901Z" },
    { url = "https://files.pythonhosted.org/packages/1d/8f/29c617e9548ed2704657ebaa7d79067cad06cbbf7dd432a6cacd4cc19d16/python_calamine-0.5.3-cp313-cp313-win_amd64.whl", hash = "sha256:054aee805c2cd5ab9848c2b8459822f2581cf22af45ff60251c9f45585cc06e0", size = 712760, upload-time = "2025-09-08T05:40:01.799Z" },
    { url = "https://files.pythonhosted.org/packages/f8/35/d8117f99037100a28d17d9fbde121511c19d54ff4e5968d6aed693caeb87/python_calamine-0.5.3-cp313-cp313-win_arm64.whl", hash = "sha256:0e870f57651e2f76e7c1f009492aa342a7b1819f8b1131bf501240872777f944", size = 679372, upload-time = "2025-09-08T05:40:03.676Z" },
    { url = "https://files.pythonhosted.org/packages/d9/0a/61949009a354af9ff5dc19e6816ae68a56281c0765520c9db4ff0ed20054/python_calamine-0.5.3-cp313-cp313t-macosx_10_12_x86_64.whl", hash = "sha256:e98c819cd43a7f0048f6d97c9d4ec23d72889cd722de1d6b68e0de24b1f8f037", size = 843418, upload-time = "2025-09-08T05:40:05.601Z" },
    { url = "https://files.pythonhosted.org/packages/52/7b/4cb7fa988d17c98a0be6e9f74561d8a2381f28a2b88adb89f16abe345d2f/python_calamine-0.5.3-cp313-cp313t-macosx_11_0_arm64.whl", hash = "sha256:cf90ce46420545f922cde95004ea8d5efaf3864b5a380a5d1defc7abd219421a", size = 813611, upload-time = "2025-09-08T05:40:07.47Z" },
    { url = "https://files.pythonhosted.org/packages/01/34/4c2a6827da90f366be3fb9c7788f672f5e7d60808f9dbd01da5acc6f11ca/python_calamine-0.5.3-cp313-cp313t-manylinux_2_17_aarch64.manylinux2014_aarch64.whl", hash = "sha256:3e89caa6a1a55215be742cd44f6d94611fb6ab222a30325e772abc40566693e5", size = 888097, upload-time = "2025-09-08T05:40:09.256Z" },
    { url = "https://files.pythonhosted.org/packages/17/bc/ecf5f6ac95195dfd3e9d63ab8c60b78d6466009751dfb1cdacf71d5f5e19/python_calamine-0.5.3-cp313-cp313t-manylinux_2_17_armv7l.manylinux2014_armv7l.whl", hash = "sha256:b13177e42dac8de57870995699b237ce5a7886d9bd7fb745a36f867e5d3d3e62", size = 880861, upload-time = "2025-09-08T05:40:11.637Z" },
    { url = "https://files.pythonhosted.org/packages/6e/55/8b60f99221a408f08db280b553aa4321c4cd9365e5c3101638249002d5a4/python_calamine-0.5.3-cp313-cp313t-manylinux_2_17_ppc64le.manylinux2014_ppc64le.whl", hash = "sha256:948e28b5f3246177440c70550661e0a27b414cb15535111fca7dbac2a63721b1", size = 1033023, upload-time = "2025-09-08T05:40:13.864Z" },
    { url = "https://files.pythonhosted.org/packages/05/c5/8c378d3c2c56d12606e20b59eee3538d3b1177fe00b103bb98ef15176610/python_calamine-0.5.3-cp313-cp313t-manylinux_2_17_s390x.manylinux2014_s390x.whl", hash = "sha256:e37fef2b67bcd66b5dfc65b0779da9522c82f1ef9f97fc6034848072ff60b3f7", size = 933097, upload-time = "2025-09-08T05:40:16.372Z" },
    { url = "https://files.pythonhosted.org/packages/26/04/cf14e91ac5c2d6d9795e1c39f3f53e0f173fcbaed4b00198e22a58265fdd/python_calamine-0.5.3-cp313-cp313t-manylinux_2_17_x86_64.manylinux2014_x86_64.whl", hash = "sha256:ddcef4e0e9d0479e027c90d9e1537bcf05de9bdd137cd7dfdbfc0034b1850973", size = 901917, upload-time = "2025-09-08T05:40:18.444Z" },
    { url = "https://files.pythonhosted.org/packages/6e/2f/5b2065b9360bda792504fe3ac1cef6d9da51ceba6230ee7634886b44cce9/python_calamine-0.5.3-cp313-cp313t-manylinux_2_5_i686.manylinux1_i686.whl", hash = "sha256:6732b47f923102357bde348021a2892a41c2fb173958268c0a1ff8d5abb6b7e8", size = 943328, upload-time = "2025-09-08T05:40:20.302Z" },
    { url = "https://files.pythonhosted.org/packages/ce/5a/45e4bd8473264b918d83297d15f160471029390cd06ed0056fc57e8f29eb/python_calamine-0.5.3-cp313-cp313t-musllinux_1_1_aarch64.whl", hash = "sha256:543db1b886cf994aaf7da0752022b37c42c05acb7605b56d09047023c8387610", size = 1065993, upload-time = "2025-09-08T05:40:22.528Z" },
    { url = "https://files.pythonhosted.org/packages/35/6b/2afd47608495f23408bdf2f1ff57a144700aed8b5bbe50285ac4864edf53/python_calamine-0.5.3-cp313-cp313t-musllinux_1_1_x86_64.whl", hash = "sha256:b79135dd96129253dc0e547778c700e1e3782e7671e7047c8b106b5501e33706", size = 1071801, upload-time = "2025-09-08T05:40:24.481Z" },
    { url = "https://files.pythonhosted.org/packages/f7/db/b06a15f25e63290c2efc5433fa8b395bfe870aacbf4ea6c930764d53eca6/python_calamine-0.5.3-cp313-cp313t-win32.whl", hash = "sha256:d84dc3b78adf038a2b452fc784523dcc90477f1631d33aabc0872812db5beb26", size = 669485, upload-time = "2025-09-08T05:40:26.818Z" },
    { url = "https://files.pythonhosted.org/packages/2d/40/e51adf1dae2002f189c83ae527aad017372d1a1b97a22172dc2e51ce502d/python_calamine-0.5.3-cp313-cp313t-win_amd64.whl", hash = "sha256:8a3fd541576fdf2708e40064ebaaf561a0a2afcab01de91c83ec212193bede34", size = 712636, upload-time = "2025-09-08T05:40:28.502Z" },
    { url = "https://files.pythonhosted.org/packages/56/fa/db4dc8d27a5daa14a153aebc0cb98bad6fd700befd9e67440a8017f0e108/python_calamine-0.5.3-cp313-cp313t-win_arm64.whl", hash = "sha256:b28a9c9318a5e7dabcead1803bfd48be5bf7c9f339d6e505a5989650a6102487", size = 678307, upload-time = "2025-09-08T05:40:30.797Z" },
    { url = "https://files.pythonhosted.org/packages/ee/7f/a098680c9d6ad36fe850f2c2c28627ee3bc95aaa052f375806f69c075475/python_calamine-0.5.3-cp314-cp314-macosx_10_12_x86_64.whl", hash = "sha256:b5cdcd85cc08a1805d267fc66aa100940712de6b4524951ab91ba47fa60d481f", size = 843921, upload-time = "2025-09-08T05:40:32.418Z" },
    { url = "https://files.pythonhosted.org/packages/09/ce/3de5d714779fac6e3333e7ea98ce4eae3b2479eb8a3d2f7d9e4487e16681/python_calamine-0.5.3-cp314-cp314-macosx_11_0_arm64.whl", hash = "sha256:828cd5d49fe9eb9c1fc9219fe484b07f2ba9a1e5e3b8475d7f1415e0fa316df8", size = 814173, upload-time = "2025-09-08T05:40:33.982Z" },
    { url = "https://files.pythonhosted.org/packages/cb/14/ef98575838091b6b24274160d53607e78df94f0176af360bcb063512e643/python_calamine-0.5.3-cp314-cp314-manylinux_2_17_aarch64.manylinux2014_aarch64.whl", hash = "sha256:0d3f4d0532ab4de422fc4b707cdbb93d57ca7ccf9be8bc4742fb9376dc68f861", size = 888958, upload-time = "2025-09-08T05:40:35.576Z" },
    { url = "https://files.pythonhosted.org/packages/c0/b1/c999dd1f89f415ff06f88f37bce643ece3c4d51ae051e0a143ff16f44c1c/python_calamine-0.5.3-cp314-cp314-manylinux_2_17_armv7l.manylinux2014_armv7l.whl", hash = "sha256:89a9ba0a16e4335b676232ddbbea0fd09bfb94757ca6e4cf90ce1348aa843f3f", size = 880988, upload-time = "2025-09-08T05:40:37.264Z" },
    { url = "https://files.pythonhosted.org/packages/74/16/4984532280e4b2c81aa26ae57b37fc3eaeda414e46e2d9c6a9cfdb27cd56/python_calamine-0.5.3-cp314-cp314-manylinux_2_17_ppc64le.manylinux2014_ppc64le.whl", hash = "sha256:0928d0eb1cdea229464de280d0f7cd99314ba28cffd2c4d6c9ce6902f9d6d448", size = 1035685, upload-time = "2025-09-08T05:40:38.992Z" },
    { url = "https://files.pythonhosted.org/packages/cd/dc/91776b34ab09f36ea41449951148bef731f9b355a2d2b25d398eec774926/python_calamine-0.5.3-cp314-cp314-manylinux_2_17_s390x.manylinux2014_s390x.whl", hash = "sha256:c7f9519dd3b8814ef6e801b9797f918fe7a59937fac4784cb280c8350fb1a2cf", size = 933865, upload-time = "2025-09-08T05:40:41.089Z" },
    { url = "https://files.pythonhosted.org/packages/01/97/12deaff5e608207398a9f0eaa06447ed69e8c4873ee953be553f9440881a/python_calamine-0.5.3-cp314-cp314-manylinux_2_17_x86_64.manylinux2014_x86_64.whl", hash = "sha256:954cd764c6b24735c749a447523b4ccf4b9d2b7c231ddd304ed42c15afca9516", size = 902310, upload-time = "2025-09-08T05:40:43.222Z" },
    { url = "https://files.pythonhosted.org/packages/45/da/45063eee203f6c9d9436d29dfc0f01db85c9264c86d1e438c3b452d7e97f/python_calamine-0.5.3-cp314-cp314-manylinux_2_5_i686.manylinux1_i686.whl", hash = "sha256:b3f0e9c59fece6bbf1a916947fba33e9b635327eb165784d05efed40027164d1", size = 948143, upload-time = "2025-09-08T05:40:44.874Z" },
    { url = "https://files.pythonhosted.org/packages/33/07/0b661166dd58367bd5d6cc2bf8441f61004dd5ef2555ab224da97b1ac5d3/python_calamine-0.5.3-cp314-cp314-musllinux_1_1_aarch64.whl", hash = "sha256:63bb47cc080d8eb9bc654f0961ada385b58a57d4628b0a33d1003c8f62e6ae3d", size = 1067181, upload-time = "2025-09-08T05:40:46.598Z" },
    { url = "https://files.pythonhosted.org/packages/5d/80/58b107dc2c2e6bad581f58f54b3ccb07705094ff23734c8dd30bd8aef4e8/python_calamine-0.5.3-cp314-cp314-musllinux_1_1_x86_64.whl", hash = "sha256:adb62aab9b9298b2fc378b2aec6dd5802f7ee199c3431abae29368ef046f8005", size = 1072683, upload-time = "2025-09-08T05:40:48.629Z" },
    { url = "https://files.pythonhosted.org/packages/4c/b4/667e40dbe7d4f19a2e69f9cd186e069cd3af0411a177aa2a90231e3e0b06/python_calamine-0.5.3-cp314-cp314t-macosx_10_12_x86_64.whl", hash = "sha256:1de68d2586df7a7a05a7779031dabd4c3d95d4738314ba82e943c8d3f36b5a67", size = 843526, upload-time = "2025-09-08T05:40:50.334Z" },
    { url = "https://files.pythonhosted.org/packages/3e/f7/fb86da5920198a616583f07d1a395cb1241eafb930d5c33f597ae6664711/python_calamine-0.5.3-cp314-cp314t-macosx_11_0_arm64.whl", hash = "sha256:2c70033bbd59f05491743befec5e2a90784f4c8220e7379ce03e956bd1f475be", size = 811074, upload-time = "2025-09-08T05:40:52.168Z" },
    { url = "https://files.pythonhosted.org/packages/76/2e/5a5a618b351b75155fbb40ad88e166f17ccf202401dd4b830db05b2565a6/python_calamine-0.5.3-cp314-cp314t-manylinux_2_17_aarch64.manylinux2014_aarch64.whl", hash = "sha256:4f396a0e57b1a5462668fc247377714b5b4c061718c1863c00ddc64e770b0f1e", size = 887735, upload-time = "2025-09-08T05:40:53.86Z" },
    { url = "https://files.pythonhosted.org/packages/97/cf/3cfaa550eb1c9c5501728886c5e787c3ddeb34d8bf3e7e9fcaf9fc6fbd86/python_calamine-0.5.3-cp314-cp314t-manylinux_2_17_armv7l.manylinux2014_armv7l.whl", hash = "sha256:ce737cb19d3077cabe0acaecd6b55d5df75021a520c20b47e0c75b65b4bfa919", size = 882356, upload-time = "2025-09-08T05:40:55.624Z" },
    { url = "https://files.pythonhosted.org/packages/88/b8/97f56e337149d0ce53399be9bd583f735dc1ea9abb2745ac902a09e8c401/python_calamine-0.5.3-cp314-cp314t-manylinux_2_17_ppc64le.manylinux2014_ppc64le.whl", hash = "sha256:e54b30802fe089cc0c67c67407203412ec7144e84e0960e69c529c7170c37dae", size = 1033195, upload-time = "2025-09-08T05:40:57.819Z" },
    { url = "https://files.pythonhosted.org/packages/94/45/59a21a18c8e073d2f930a4a9c0c038207b82c5c996b67146fb76f3da2748/python_calamine-0.5.3-cp314-cp314t-manylinux_2_17_s390x.manylinux2014_s390x.whl", hash = "sha256:5efc94c2e4119dc0da1e84d036f7e840fb0dd0850f4c10d3d166d725af0751af", size = 931846, upload-time = "2025-09-08T05:40:59.93Z" },
    { url = "https://files.pythonhosted.org/packages/36/47/715e0c0bc37ccce035ef4be1aa8eafa1e5abb6687af725cb47d81a18def7/python_calamine-0.5.3-cp314-cp314t-manylinux_2_17_x86_64.manylinux2014_x86_64.whl", hash = "sha256:74e33191a01d52f66dd6b029e99b6eda0245771c4f116c87ff0d5edf922dbbca", size = 902871, upload-time = "2025-09-08T05:41:02.021Z" },
    { url = "https://files.pythonhosted.org/packages/ca/07/ac0cf8623765106794e297235d6dde3a728f18e61a536792189fca06f2ba/python_calamine-0.5.3-cp314-cp314t-manylinux_2_5_i686.manylinux1_i686.whl", hash = "sha256:85ceec02cb367cf87a72ba559db3279f3b4774edba9330eb77670587d4de95f4", size = 944438, upload-time = "2025-09-08T05:41:03.748Z" },
    { url = "https://files.pythonhosted.org/packages/88/98/c48c0b8be7fbae5f68b7c55a1ed4068d2c3dab64093e39733d43c23a7459/python_calamine-0.5.3-cp314-cp314t-musllinux_1_1_aarch64.whl", hash = "sha256:882400368f976ea489e47af04fde936b603c3efcf9ade1cd73e623c88fc4aa5c", size = 1066276, upload-time = "2025-09-08T05:41:05.408Z" },
    { url = "https://files.pythonhosted.org/packages/73/3a/bbf99531fec43bca2ab28948ab94d851db96c0364c76139dd746cab2f4f9/python_calamine-0.5.3-cp314-cp314t-musllinux_1_1_x86_64.whl", hash = "sha256:ce2fe421d5564e5341f7a06b9c52b84603b48aa670426d44fffce705609a859b", size = 1073059, upload-time = "2025-09-08T05:41:07.75Z" },
]

[[package]]
name = "python-dateutil"
version = "2.9.0.post0"
source = { registry = "https://pypi.org/simple" }
dependencies = [
    { name = "six" },
]
sdist = { url = "https://files.pythonhosted.org/packages/66/c0/0c8b6ad9f17a802ee498c46e004a0eb49bc148f2fd230864601a86dcf6db/python-dateutil-2.9.0.post0.tar.gz", hash = "sha256:37dd54208da7e1cd875388217d5e00ebd4179249f90fb72437e91a35459a0ad3", size = 342432, upload-time = "2024-03-01T18:36:20.211Z" }
wheels = [
    { url = "https://files.pythonhosted.org/packages/ec/57/56b9bcc3c9c6a792fcbaf139543cee77261f3651ca9da0c93f5c1221264b/python_dateutil-2.9.0.post0-py2.py3-none-any.whl", hash = "sha256:a8b2bc7bffae282281c8140a97d3aa9c14da0b136dfe83f850eea9a5f7470427", size = 229892, upload-time = "2024-03-01T18:36:18.57Z" },
]

[[package]]
name = "pytz"
version = "2025.2"
source = { registry = "https://pypi.org/simple" }
sdist = { url = "https://files.pythonhosted.org/packages/f8/bf/abbd3cdfb8fbc7fb3d4d38d320f2441b1e7cbe29be4f23797b4a2b5d8aac/pytz-2025.2.tar.gz", hash = "sha256:360b9e3dbb49a209c21ad61809c7fb453643e048b38924c765813546746e81c3", size = 320884, upload-time = "2025-03-25T02:25:00.538Z" }
wheels = [
    { url = "https://files.pythonhosted.org/packages/81/c4/34e93fe5f5429d7570ec1fa436f1986fb1f00c3e0f43a589fe2bbcd22c3f/pytz-2025.2-py2.py3-none-any.whl", hash = "sha256:5ddf76296dd8c44c26eb8f4b6f35488f3ccbf6fbbd7adee0b7262d43f0ec2f00", size = 509225, upload-time = "2025-03-25T02:24:58.468Z" },
]

[[package]]
name = "rich"
version = "13.9.4"
source = { registry = "https://pypi.org/simple" }
dependencies = [
    { name = "markdown-it-py" },
    { name = "pygments" },
]
sdist = { url = "https://files.pythonhosted.org/packages/ab/3a/0316b28d0761c6734d6bc14e770d85506c986c85ffb239e688eeaab2c2bc/rich-13.9.4.tar.gz", hash = "sha256:439594978a49a09530cff7ebc4b5c7103ef57baf48d5ea3184f21d9a2befa098", size = 223149, upload-time = "2024-11-01T16:43:57.873Z" }
wheels = [
    { url = "https://files.pythonhosted.org/packages/19/71/39c7c0d87f8d4e6c020a393182060eaefeeae6c01dab6a84ec346f2567df/rich-13.9.4-py3-none-any.whl", hash = "sha256:6049d5e6ec054bf2779ab3358186963bac2ea89175919d699e378b99738c2a90", size = 242424, upload-time = "2024-11-01T16:43:55.817Z" },
]

[[package]]
name = "rich-tools"
version = "0.5.1"
source = { registry = "https://pypi.org/simple" }
dependencies = [
    { name = "pandas" },
    { name = "rich" },
]
sdist = { url = "https://files.pythonhosted.org/packages/fc/ed/5350411b9469495876dcce267fd35bbdc63bd502f1fd5fd914248cbb60d8/rich_tools-0.5.1.tar.gz", hash = "sha256:ca30da26b8fe0a5af2e5c0b5fba1c3a0bdf40b52de62fdf99d0662db62e063b5", size = 4875, upload-time = "2024-09-10T01:12:28.94Z" }
wheels = [
    { url = "https://files.pythonhosted.org/packages/8d/9a/dc79827022336b070704250ffff484c8b35d13ad47ffaae6dfb626c23288/rich_tools-0.5.1-py3-none-any.whl", hash = "sha256:f13dbaab74681c07d965902b2432af85568219ed5bce42d670d113836bb87272", size = 5434, upload-time = "2024-09-10T01:12:27.45Z" },
]

[[package]]
name = "six"
version = "1.17.0"
source = { registry = "https://pypi.org/simple" }
sdist = { url = "https://files.pythonhosted.org/packages/94/e7/b2c673351809dca68a0e064b6af791aa332cf192da575fd474ed7d6f16a2/six-1.17.0.tar.gz", hash = "sha256:ff70335d468e7eb6ec65b95b99d3a2836546063f63acc5171de367e834932a81", size = 34031, upload-time = "2024-12-04T17:35:28.174Z" }
wheels = [
    { url = "https://files.pythonhosted.org/packages/b7/ce/149a00dd41f10bc29e5921b496af8b574d8413afcd5e30dfa0ed46c2cc5e/six-1.17.0-py2.py3-none-any.whl", hash = "sha256:4721f391ed90541fddacab5acf947aa0d3dc7d27b2e1e8eda2be8970586c3274", size = 11050, upload-time = "2024-12-04T17:35:26.475Z" },
]

[[package]]
name = "tzdata"
version = "2025.2"
source = { registry = "https://pypi.org/simple" }
sdist = { url = "https://files.pythonhosted.org/packages/95/32/1a225d6164441be760d75c2c42e2780dc0873fe382da3e98a2e1e48361e5/tzdata-2025.2.tar.gz", hash = "sha256:b60a638fcc0daffadf82fe0f57e53d06bdec2f36c4df66280ae79bce6bd6f2b9", size = 196380, upload-time = "2025-03-23T13:54:43.652Z" }
wheels = [
    { url = "https://files.pythonhosted.org/packages/5c/23/c7abc0ca0a1526a0774eca151daeb8de62ec457e77262b66b359c3c7679e/tzdata-2025.2-py2.py3-none-any.whl", hash = "sha256:1a403fada01ff9221ca8044d701868fa132215d84beb92242d9acd2147f667a8", size = 347839, upload-time = "2025-03-23T13:54:41.845Z" },
]
